
Microsoft Visual Studio Solution File, Format Version 12.00
# Visual Studio Version 17
VisualStudioVersion = 17.3.32901.215
MinimumVisualStudioVersion = 10.0.40219.1
Project("{9A19103F-16F7-4668-BE54-9A1E7A4F7556}") = "ptdm.Api", "WebAPI\ptdm.Api.csproj", "{53FF3CE7-5EFD-499A-B0F1-762E54A5C8FF}"
EndProject
Project("{2150E333-8FDC-42A3-9474-1A3956D46DE8}") = "Solution Items", "Solution Items", "{E0925BE3-979E-4B03-B13B-0AC25FC572FB}"
EndProject
Project("{FAE04EC0-301F-11D3-BF4B-00C04F79EFBC}") = "ptdm.Domain", "ptdm.Domain\ptdm.Domain.csproj", "{D6CFC47C-65F7-46D7-87FD-94A3CA033859}"
EndProject
Project("{FAE04EC0-301F-11D3-BF4B-00C04F79EFBC}") = "ptdm.Data", "ptdm.Data\ptdm.Data.csproj", "{4F31E08C-8659-4D83-B8DD-3DF5E69D30B5}"
EndProject
Project("{FAE04EC0-301F-11D3-BF4B-00C04F79EFBC}") = "ptdm.Service", "ptdm.Service\ptdm.Service.csproj", "{D1F7F0BE-E773-4C62-8CB5-42E7CCEBA644}"
EndProject
Global
	GlobalSection(SolutionConfigurationPlatforms) = preSolution
		Debug|Any CPU = Debug|Any CPU
		Release|Any CPU = Release|Any CPU
	EndGlobalSection
	GlobalSection(ProjectConfigurationPlatforms) = postSolution
		{53FF3CE7-5EFD-499A-B0F1-762E54A5C8FF}.Debug|Any CPU.ActiveCfg = Debug|Any CPU
		{53FF3CE7-5EFD-499A-B0F1-762E54A5C8FF}.Debug|Any CPU.Build.0 = Debug|Any CPU
		{53FF3CE7-5EFD-499A-B0F1-762E54A5C8FF}.Release|Any CPU.ActiveCfg = Release|Any CPU
		{53FF3CE7-5EFD-499A-B0F1-762E54A5C8FF}.Release|Any CPU.Build.0 = Release|Any CPU
		{D6CFC47C-65F7-46D7-87FD-94A3CA033859}.Debug|Any CPU.ActiveCfg = Debug|Any CPU
		{D6CFC47C-65F7-46D7-87FD-94A3CA033859}.Debug|Any CPU.Build.0 = Debug|Any CPU
		{D6CFC47C-65F7-46D7-87FD-94A3CA033859}.Release|Any CPU.ActiveCfg = Release|Any CPU
		{D6CFC47C-65F7-46D7-87FD-94A3CA033859}.Release|Any CPU.Build.0 = Release|Any CPU
		{4F31E08C-8659-4D83-B8DD-3DF5E69D30B5}.Debug|Any CPU.ActiveCfg = Debug|Any CPU
		{4F31E08C-8659-4D83-B8DD-3DF5E69D30B5}.Debug|Any CPU.Build.0 = Debug|Any CPU
		{4F31E08C-8659-4D83-B8DD-3DF5E69D30B5}.Release|Any CPU.ActiveCfg = Release|Any CPU
		{4F31E08C-8659-4D83-B8DD-3DF5E69D30B5}.Release|Any CPU.Build.0 = Release|Any CPU
		{D1F7F0BE-E773-4C62-8CB5-42E7CCEBA644}.Debug|Any CPU.ActiveCfg = Debug|Any CPU
		{D1F7F0BE-E773-4C62-8CB5-42E7CCEBA644}.Debug|Any CPU.Build.0 = Debug|Any CPU
		{D1F7F0BE-E773-4C62-8CB5-42E7CCEBA644}.Release|Any CPU.ActiveCfg = Release|Any CPU
		{D1F7F0BE-E773-4C62-8CB5-42E7CCEBA644}.Release|Any CPU.Build.0 = Release|Any CPU
	EndGlobalSection
	GlobalSection(SolutionProperties) = preSolution
		HideSolutionNode = FALSE
	EndGlobalSection
	GlobalSection(ExtensibilityGlobals) = postSolution
		SolutionGuid = {27188CBC-E0FF-428E-B74B-3BC8850C6471}
	EndGlobalSection
EndGlobal
